
Microsoft Visual Studio Solution File, Format Version 12.00
# Visual Studio Version 16
VisualStudioVersion = 16.0.30621.155
MinimumVisualStudioVersion = 10.0.40219.1
Project("{9A19103F-16F7-4668-BE54-9A1E7A4F7556}") = "eOnlineCarShop", "eOnlineCarShop\eOnlineCarShop.csproj", "{7D0B9AB8-C124-4D2D-98D2-9CC8A70E0C95}"
EndProject
Project("{9A19103F-16F7-4668-BE54-9A1E7A4F7556}") = "Data_CS", "Data_CS\Data_CS.csproj", "{8D314860-6825-49AC-9DD3-6A7702161F29}"
EndProject
Global
	GlobalSection(SolutionConfigurationPlatforms) = preSolution
		Debug|Any CPU = Debug|Any CPU
		Release|Any CPU = Release|Any CPU
	EndGlobalSection
	GlobalSection(ProjectConfigurationPlatforms) = postSolution
		{7D0B9AB8-C124-4D2D-98D2-9CC8A70E0C95}.Debug|Any CPU.ActiveCfg = Debug|Any CPU
		{7D0B9AB8-C124-4D2D-98D2-9CC8A70E0C95}.Debug|Any CPU.Build.0 = Debug|Any CPU
		{7D0B9AB8-C124-4D2D-98D2-9CC8A70E0C95}.Release|Any CPU.ActiveCfg = Release|Any CPU
		{7D0B9AB8-C124-4D2D-98D2-9CC8A70E0C95}.Release|Any CPU.Build.0 = Release|Any CPU
		{8D314860-6825-49AC-9DD3-6A7702161F29}.Debug|Any CPU.ActiveCfg = Debug|Any CPU
		{8D314860-6825-49AC-9DD3-6A7702161F29}.Debug|Any CPU.Build.0 = Debug|Any CPU
		{8D314860-6825-49AC-9DD3-6A7702161F29}.Release|Any CPU.ActiveCfg = Release|Any CPU
		{8D314860-6825-49AC-9DD3-6A7702161F29}.Release|Any CPU.Build.0 = Release|Any CPU
	EndGlobalSection
	GlobalSection(SolutionProperties) = preSolution
		HideSolutionNode = FALSE
	EndGlobalSection
	GlobalSection(ExtensibilityGlobals) = postSolution
		SolutionGuid = {6EBE6392-18A9-4E0E-9053-BDE46AB75090}
	EndGlobalSection
EndGlobal
